
Microsoft Visual Studio Solution File, Format Version 12.00
# Visual Studio Version 17
VisualStudioVersion = 17.13.35825.156 d17.13
MinimumVisualStudioVersion = 10.0.40219.1
Project("{FAE04EC0-301F-11D3-BF4B-00C04F79EFBC}") = "SimpleEWallet.Comon", "SimpleEWallet.Comon\SimpleEWallet.Comon.csproj", "{1E914A8D-249A-43E2-BD31-CC836E73F5A2}"
EndProject
Project("{FAE04EC0-301F-11D3-BF4B-00C04F79EFBC}") = "SimpleEWallet.Wallet", "SimpleEWallet.Wallet\SimpleEWallet.Wallet.csproj", "{7DD5DCC6-355D-49C7-9176-DAEC6872C41A}"
EndProject
Project("{FAE04EC0-301F-11D3-BF4B-00C04F79EFBC}") = "SimpleEWallet.Transaction", "SimpleEWallet.Transaction\SimpleEWallet.Transaction.csproj", "{B10020F5-6B31-446E-B094-1D272050B1A3}"
EndProject
Project("{FAE04EC0-301F-11D3-BF4B-00C04F79EFBC}") = "SimpleEWallet.Notification", "SimpleEWallet.Notification\SimpleEWallet.Notification.csproj", "{B062D679-F99E-4BB2-BF11-D59E51664B77}"
EndProject
Project("{FAE04EC0-301F-11D3-BF4B-00C04F79EFBC}") = "SimpleEWallet.Auth", "SimpleEWallet.Auth\SimpleEWallet.Auth.csproj", "{5085ACE3-759D-4A88-9D34-958B62D7707F}"
EndProject
Global
	GlobalSection(SolutionConfigurationPlatforms) = preSolution
		Debug|Any CPU = Debug|Any CPU
		Release|Any CPU = Release|Any CPU
	EndGlobalSection
	GlobalSection(ProjectConfigurationPlatforms) = postSolution
		{1E914A8D-249A-43E2-BD31-CC836E73F5A2}.Debug|Any CPU.ActiveCfg = Debug|Any CPU
		{1E914A8D-249A-43E2-BD31-CC836E73F5A2}.Debug|Any CPU.Build.0 = Debug|Any CPU
		{1E914A8D-249A-43E2-BD31-CC836E73F5A2}.Release|Any CPU.ActiveCfg = Release|Any CPU
		{1E914A8D-249A-43E2-BD31-CC836E73F5A2}.Release|Any CPU.Build.0 = Release|Any CPU
		{7DD5DCC6-355D-49C7-9176-DAEC6872C41A}.Debug|Any CPU.ActiveCfg = Debug|Any CPU
		{7DD5DCC6-355D-49C7-9176-DAEC6872C41A}.Debug|Any CPU.Build.0 = Debug|Any CPU
		{7DD5DCC6-355D-49C7-9176-DAEC6872C41A}.Release|Any CPU.ActiveCfg = Release|Any CPU
		{7DD5DCC6-355D-49C7-9176-DAEC6872C41A}.Release|Any CPU.Build.0 = Release|Any CPU
		{B10020F5-6B31-446E-B094-1D272050B1A3}.Debug|Any CPU.ActiveCfg = Debug|Any CPU
		{B10020F5-6B31-446E-B094-1D272050B1A3}.Debug|Any CPU.Build.0 = Debug|Any CPU
		{B10020F5-6B31-446E-B094-1D272050B1A3}.Release|Any CPU.ActiveCfg = Release|Any CPU
		{B10020F5-6B31-446E-B094-1D272050B1A3}.Release|Any CPU.Build.0 = Release|Any CPU
		{B062D679-F99E-4BB2-BF11-D59E51664B77}.Debug|Any CPU.ActiveCfg = Debug|Any CPU
		{B062D679-F99E-4BB2-BF11-D59E51664B77}.Debug|Any CPU.Build.0 = Debug|Any CPU
		{B062D679-F99E-4BB2-BF11-D59E51664B77}.Release|Any CPU.ActiveCfg = Release|Any CPU
		{B062D679-F99E-4BB2-BF11-D59E51664B77}.Release|Any CPU.Build.0 = Release|Any CPU
		{5085ACE3-759D-4A88-9D34-958B62D7707F}.Debug|Any CPU.ActiveCfg = Debug|Any CPU
		{5085ACE3-759D-4A88-9D34-958B62D7707F}.Debug|Any CPU.Build.0 = Debug|Any CPU
		{5085ACE3-759D-4A88-9D34-958B62D7707F}.Release|Any CPU.ActiveCfg = Release|Any CPU
		{5085ACE3-759D-4A88-9D34-958B62D7707F}.Release|Any CPU.Build.0 = Release|Any CPU
	EndGlobalSection
	GlobalSection(SolutionProperties) = preSolution
		HideSolutionNode = FALSE
	EndGlobalSection
	GlobalSection(ExtensibilityGlobals) = postSolution
		SolutionGuid = {32E82439-B76A-48D3-9145-3D5E6F7D7786}
	EndGlobalSection
EndGlobal
